# THIS IS AN AUTOGENERATED FILE. DO NOT EDIT THIS FILE DIRECTLY.
# yarn lockfile v1


"0x-json-schemas@0.2.0":
  version "0.2.0"
  resolved "https://registry.yarnpkg.com/0x-json-schemas/-/0x-json-schemas-0.2.0.tgz#c86a523c7927d4edac803eeeebbe8c52a7adc812"
  dependencies:
    jsonschema "^1.2.0"

jsonschema@^1.2.0:
  version "1.2.0"
  resolved "https://registry.yarnpkg.com/jsonschema/-/jsonschema-1.2.0.tgz#d6ebaf70798db7b3a20c544f6c9ef9319b077de2"
